// !$*UTF8*$!
{
	archiveVersion = 1;
	classes = {
	};
	objectVersion = 77;
	objects = {

/* Begin PBXContainerItemProxy section */
		4BAD61252E31DD60004E8E45 /* PBXContainerItemProxy */ = {
			isa = PBXContainerItemProxy;
			containerPortal = 4BAD61012E31DD5D004E8E45 /* Project object */;
			proxyType = 1;
			remoteGlobalIDString = 4BAD61082E31DD5D004E8E45;
			remoteInfo = xcodegit;
		};
		4BAD612F2E31DD60004E8E45 /* PBXContainerItemProxy */ = {
			isa = PBXContainerItemProxy;
			containerPortal = 4BAD61012E31DD5D004E8E45 /* Project object */;
			proxyType = 1;
			remoteGlobalIDString = 4BAD61082E31DD5D004E8E45;
			remoteInfo = xcodegit;
		};
/* End PBXContainerItemProxy section */

/* Begin PBXFileReference section */
		4BAD61092E31DD5D004E8E45 /* xcodegit.app */ = {isa = PBXFileReference; explicitFileType = wrapper.application; includeInIndex = 0; path = xcodegit.app; sourceTree = BUILT_PRODUCTS_DIR; };
		4BAD61242E31DD60004E8E45 /* xcodegitTests.xctest */ = {isa = PBXFileReference; explicitFileType = wrapper.cfbundle; includeInIndex = 0; path = xcodegitTests.xctest; sourceTree = BUILT_PRODUCTS_DIR; };
		4BAD612E2E31DD60004E8E45 /* xcodegitUITests.xctest */ = {isa = PBXFileReference; explicitFileType = wrapper.cfbundle; includeInIndex = 0; path = xcodegitUITests.xctest; sourceTree = BUILT_PRODUCTS_DIR; };
/* End PBXFileReference section */

/* Begin PBXFileSystemSynchronizedBuildFileExceptionSet section */
		4BAD61362E31DD60004E8E45 /* Exceptions for "xcodegit" folder in "xcodegit" target */ = {
			isa = PBXFileSystemSynchronizedBuildFileExceptionSet;
			membershipExceptions = (
				Info.plist,
			);
			target = 4BAD61082E31DD5D004E8E45 /* xcodegit */;
		};
/* End PBXFileSystemSynchronizedBuildFileExceptionSet section */

/* Begin PBXFileSystemSynchronizedRootGroup section */
		4BAD610B2E31DD5D004E8E45 /* xcodegit */ = {
			isa = PBXFileSystemSynchronizedRootGroup;
			exceptions = (
				4BAD61362E31DD60004E8E45 /* Exceptions for "xcodegit" folder in "xcodegit" target */,
			);
			path = xcodegit;
			sourceTree = "<group>";
		};
		4BAD61272E31DD60004E8E45 /* xcodegitTests */ = {
			isa = PBXFileSystemSynchronizedRootGroup;
			path = xcodegitTests;
			sourceTree = "<group>";
		};
		4BAD61312E31DD60004E8E45 /* xcodegitUITests */ = {
			isa = PBXFileSystemSynchronizedRootGroup;
			path = xcodegitUITests;
			sourceTree = "<group>";
		};
/* End PBXFileSystemSynchronizedRootGroup section */

/* Begin PBXFrameworksBuildPhase section */
		4BAD61062E31DD5D004E8E45 /* Frameworks */ = {
			isa = PBXFrameworksBuildPhase;
			buildActionMask = 2147483647;
			files = (
			);
			runOnlyForDeploymentPostprocessing = 0;
		};
		4BAD61212E31DD60004E8E45 /* Frameworks */ = {
			isa = PBXFrameworksBuildPhase;
			buildActionMask = 2147483647;
			files = (
			);
			runOnlyForDeploymentPostprocessing = 0;
		};
		4BAD612B2E31DD60004E8E45 /* Frameworks */ = {
			isa = PBXFrameworksBuildPhase;
			buildActionMask = 2147483647;
			files = (
			);
			runOnlyForDeploymentPostprocessing = 0;
		};
/* End PBXFrameworksBuildPhase section */

/* Begin PBXGroup section */
		4BAD61002E31DD5D004E8E45 = {
			isa = PBXGroup;
			children = (
				4BAD610B2E31DD5D004E8E45 /* xcodegit */,
				4BAD61272E31DD60004E8E45 /* xcodegitTests */,
				4BAD61312E31DD60004E8E45 /* xcodegitUITests */,
				4BAD610A2E31DD5D004E8E45 /* Products */,
			);
			sourceTree = "<group>";
		};
		4BAD610A2E31DD5D004E8E45 /* Products */ = {
			isa = PBXGroup;
			children = (
				4BAD61092E31DD5D004E8E45 /* xcodegit.app */,
				4BAD61242E31DD60004E8E45 /* xcodegitTests.xctest */,
				4BAD612E2E31DD60004E8E45 /* xcodegitUITests.xctest */,
			);
			name = Products;
			sourceTree = "<group>";
		};
/* End PBXGroup section */

/* Begin PBXNativeTarget section */
		4BAD61082E31DD5D004E8E45 /* xcodegit */ = {
			isa = PBXNativeTarget;
			buildConfigurationList = 4BAD61372E31DD60004E8E45 /* Build configuration list for PBXNativeTarget "xcodegit" */;
			buildPhases = (
				4BAD61052E31DD5D004E8E45 /* Sources */,
				4BAD61062E31DD5D004E8E45 /* Frameworks */,
				4BAD61072E31DD5D004E8E45 /* Resources */,
			);
			buildRules = (
			);
			dependencies = (
			);
			fileSystemSynchronizedGroups = (
				4BAD610B2E31DD5D004E8E45 /* xcodegit */,
			);
			name = xcodegit;
			packageProductDependencies = (
			);
			productName = xcodegit;
			productReference = 4BAD61092E31DD5D004E8E45 /* xcodegit.app */;
			productType = "com.apple.product-type.application";
		};
		4BAD61232E31DD60004E8E45 /* xcodegitTests */ = {
			isa = PBXNativeTarget;
			buildConfigurationList = 4BAD613C2E31DD60004E8E45 /* Build configuration list for PBXNativeTarget "xcodegitTests" */;
			buildPhases = (
				4BAD61202E31DD60004E8E45 /* Sources */,
				4BAD61212E31DD60004E8E45 /* Frameworks */,
				4BAD61222E31DD60004E8E45 /* Resources */,
			);
			buildRules = (
			);
			dependencies = (
				4BAD61262E31DD60004E8E45 /* PBXTargetDependency */,
			);
			fileSystemSynchronizedGroups = (
				4BAD61272E31DD60004E8E45 /* xcodegitTests */,
			);
			name = xcodegitTests;
			packageProductDependencies = (
			);
			productName = xcodegitTests;
			productReference = 4BAD61242E31DD60004E8E45 /* xcodegitTests.xctest */;
			productType = "com.apple.product-type.bundle.unit-test";
		};
		4BAD612D2E31DD60004E8E45 /* xcodegitUITests */ = {
			isa = PBXNativeTarget;
			buildConfigurationList = 4BAD613F2E31DD60004E8E45 /* Build configuration list for PBXNativeTarget "xcodegitUITests" */;
			buildPhases = (
				4BAD612A2E31DD60004E8E45 /* Sources */,
				4BAD612B2E31DD60004E8E45 /* Frameworks */,
				4BAD612C2E31DD60004E8E45 /* Resources */,
			);
			buildRules = (
			);
			dependencies = (
				4BAD61302E31DD60004E8E45 /* PBXTargetDependency */,
			);
			fileSystemSynchronizedGroups = (
				4BAD61312E31DD60004E8E45 /* xcodegitUITests */,
			);
			name = xcodegitUITests;
			packageProductDependencies = (
			);
			productName = xcodegitUITests;
			productReference = 4BAD612E2E31DD60004E8E45 /* xcodegitUITests.xctest */;
			productType = "com.apple.product-type.bundle.ui-testing";
		};
/* End PBXNativeTarget section */

/* Begin PBXProject section */
		4BAD61012E31DD5D004E8E45 /* Project object */ = {
			isa = PBXProject;
			attributes = {
				BuildIndependentTargetsInParallel = 1;
				LastUpgradeCheck = 1630;
				TargetAttributes = {
					4BAD61082E31DD5D004E8E45 = {
						CreatedOnToolsVersion = 16.3;
					};
					4BAD61232E31DD60004E8E45 = {
						CreatedOnToolsVersion = 16.3;
						TestTargetID = 4BAD61082E31DD5D004E8E45;
					};
					4BAD612D2E31DD60004E8E45 = {
						CreatedOnToolsVersion = 16.3;
						TestTargetID = 4BAD61082E31DD5D004E8E45;
					};
				};
			};
			buildConfigurationList = 4BAD61042E31DD5D004E8E45 /* Build configuration list for PBXProject "xcodegit" */;
			developmentRegion = en;
			hasScannedForEncodings = 0;
			knownRegions = (
				en,
				Base,
			);
			mainGroup = 4BAD61002E31DD5D004E8E45;
			minimizedProjectReferenceProxies = 1;
			preferredProjectObjectVersion = 77;
			productRefGroup = 4BAD610A2E31DD5D004E8E45 /* Products */;
			projectDirPath = "";
			projectRoot = "";
			targets = (
				4BAD61082E31DD5D004E8E45 /* xcodegit */,
				4BAD61232E31DD60004E8E45 /* xcodegitTests */,
				4BAD612D2E31DD60004E8E45 /* xcodegitUITests */,
			);
		};
/* End PBXProject section */

/* Begin PBXResourcesBuildPhase section */
		4BAD61072E31DD5D004E8E45 /* Resources */ = {
			isa = PBXResourcesBuildPhase;
			buildActionMask = 2147483647;
			files = (
			);
			runOnlyForDeploymentPostprocessing = 0;
		};
		4BAD61222E31DD60004E8E45 /* Resources */ = {
			isa = PBXResourcesBuildPhase;
			buildActionMask = 2147483647;
			files = (
			);
			runOnlyForDeploymentPostprocessing = 0;
		};
		4BAD612C2E31DD60004E8E45 /* Resources */ = {
			isa = PBXResourcesBuildPhase;
			buildActionMask = 2147483647;
			files = (
			);
			runOnlyForDeploymentPostprocessing = 0;
		};
/* End PBXResourcesBuildPhase section */

/* Begin PBXSourcesBuildPhase section */
		4BAD61052E31DD5D004E8E45 /* Sources */ = {
			isa = PBXSourcesBuildPhase;
			buildActionMask = 2147483647;
			files = (
			);
			runOnlyForDeploymentPostprocessing = 0;
		};
		4BAD61202E31DD60004E8E45 /* Sources */ = {
			isa = PBXSourcesBuildPhase;
			buildActionMask = 2147483647;
			files = (
			);
			runOnlyForDeploymentPostprocessing = 0;
		};
		4BAD612A2E31DD60004E8E45 /* Sources */ = {
			isa = PBXSourcesBuildPhase;
			buildActionMask = 2147483647;
			files = (
			);
			runOnlyForDeploymentPostprocessing = 0;
		};
/* End PBXSourcesBuildPhase section */

/* Begin PBXTargetDependency section */
		4BAD61262E31DD60004E8E45 /* PBXTargetDependency */ = {
			isa = PBXTargetDependency;
			target = 4BAD61082E31DD5D004E8E45 /* xcodegit */;
			targetProxy = 4BAD61252E31DD60004E8E45 /* PBXContainerItemProxy */;
		};
		4BAD61302E31DD60004E8E45 /* PBXTargetDependency */ = {
			isa = PBXTargetDependency;
			target = 4BAD61082E31DD5D004E8E45 /* xcodegit */;
			targetProxy = 4BAD612F2E31DD60004E8E45 /* PBXContainerItemProxy */;
		};
/* End PBXTargetDependency section */

/* Begin XCBuildConfiguration section */
		4BAD61382E31DD60004E8E45 /* Debug */ = {
			isa = XCBuildConfiguration;
			buildSettings = {
				ASSETCATALOG_COMPILER_APPICON_NAME = AppIcon;
				ASSETCATALOG_COMPILER_GLOBAL_ACCENT_COLOR_NAME = AccentColor;
				CODE_SIGN_STYLE = Automatic;
				CURRENT_PROJECT_VERSION = 1;
				GENERATE_INFOPLIST_FILE = YES;
				INFOPLIST_FILE = xcodegit/Info.plist;
				INFOPLIST_KEY_UIApplicationSupportsIndirectInputEvents = YES;
				INFOPLIST_KEY_UILaunchStoryboardName = LaunchScreen;
				INFOPLIST_KEY_UIMainStoryboardFile = Main;
				INFOPLIST_KEY_UISupportedInterfaceOrientations_iPad = "UIInterfaceOrientationPortrait UIInterfaceOrientationPortraitUpsideDown UIInterfaceOrientationLandscapeLeft UIInterfaceOrientationLandscapeRight";
				INFOPLIST_KEY_UISupportedInterfaceOrientations_iPhone = "UIInterfaceOrientationPortrait UIInterfaceOrientationLandscapeLeft UIInterfaceOrientationLandscapeRight";
				LD_RUNPATH_SEARCH_PATHS = (
					"$(inherited)",
					"@executable_path/Frameworks",
				);
				MARKETING_VERSION = 1.0;
				PRODUCT_BUNDLE_IDENTIFIER = y.xcodegit;
				PRODUCT_NAME = "$(TARGET_NAME)";
				SWIFT_EMIT_LOC_STRINGS = YES;
				TARGETED_DEVICE_FAMILY = "1,2";
			};
			name = Debug;
		};
		4BAD61392E31DD60004E8E45 /* Release */ = {
			isa = XCBuildConfiguration;
			buildSettings = {
				ASSETCATALOG_COMPILER_APPICON_NAME = AppIcon;
				ASSETCATALOG_COMPILER_GLOBAL_ACCENT_COLOR_NAME = AccentColor;
				CODE_SIGN_STYLE = Automatic;
				CURRENT_PROJECT_VERSION = 1;
				GENERATE_INFOPLIST_FILE = YES;
				INFOPLIST_FILE = xcodegit/Info.plist;
				INFOPLIST_KEY_UIApplicationSupportsIndirectInputEvents = YES;
				INFOPLIST_KEY_UILaunchStoryboardName = LaunchScreen;
				INFOPLIST_KEY_UIMainStoryboardFile = Main;
				INFOPLIST_KEY_UISupportedInterfaceOrientations_iPad = "UIInterfaceOrientationPortrait UIInterfaceOrientationPortraitUpsideDown UIInterfaceOrientationLandscapeLeft UIInterfaceOrientationLandscapeRight";
				INFOPLIST_KEY_UISupportedInterfaceOrientations_iPhone = "UIInterfaceOrientationPortrait UIInterfaceOrientationLandscapeLeft UIInterfaceOrientationLandscapeRight";
				LD_RUNPATH_SEARCH_PATHS = (
					"$(inherited)",
					"@executable_path/Frameworks",
				);
				MARKETING_VERSION = 1.0;
				PRODUCT_BUNDLE_IDENTIFIER = y.xcodegit;
				PRODUCT_NAME = "$(TARGET_NAME)";
				SWIFT_EMIT_LOC_STRINGS = YES;
				TARGETED_DEVICE_FAMILY = "1,2";
			};
			name = Release;
		};
		4BAD613A2E31DD60004E8E45 /* Debug */ = {
			isa = XCBuildConfiguration;
			buildSettings = {
				ALWAYS_SEARCH_USER_PATHS = NO;
				ASSETCATALOG_COMPILER_GENERATE_SWIFT_ASSET_SYMBOL_EXTENSIONS = YES;
				CLANG_ANALYZER_NONNULL = YES;
				CLANG_ANALYZER_NUMBER_OBJECT_CONVERSION = YES_AGGRESSIVE;
				CLANG_CXX_LANGUAGE_STANDARD = "gnu++20";
				CLANG_ENABLE_MODULES = YES;
				CLANG_ENABLE_OBJC_ARC = YES;
				CLANG_ENABLE_OBJC_WEAK = YES;
				CLANG_WARN_BLOCK_CAPTURE_AUTORELEASING = YES;
				CLANG_WARN_BOOL_CONVERSION = YES;
				CLANG_WARN_COMMA = YES;
				CLANG_WARN_CONSTANT_CONVERSION = YES;
				CLANG_WARN_DEPRECATED_OBJC_IMPLEMENTATIONS = YES;
				CLANG_WARN_DIRECT_OBJC_ISA_USAGE = YES_ERROR;
				CLANG_WARN_DOCUMENTATION_COMMENTS = YES;
				CLANG_WARN_EMPTY_BODY = YES;
				CLANG_WARN_ENUM_CONVERSION = YES;
				CLANG_WARN_INFINITE_RECURSION = YES;
				CLANG_WARN_INT_CONVERSION = YES;
				CLANG_WARN_NON_LITERAL_NULL_CONVERSION = YES;
				CLANG_WARN_OBJC_IMPLICIT_RETAIN_SELF = YES;
				CLANG_WARN_OBJC_LITERAL_CONVERSION = YES;
				CLANG_WARN_OBJC_ROOT_CLASS = YES_ERROR;
				CLANG_WARN_QUOTED_INCLUDE_IN_FRAMEWORK_HEADER = YES;
				CLANG_WARN_RANGE_LOOP_ANALYSIS = YES;
				CLANG_WARN_STRICT_PROTOTYPES = YES;
				CLANG_WARN_SUSPICIOUS_MOVE = YES;
				CLANG_WARN_UNGUARDED_AVAILABILITY = YES_AGGRESSIVE;
				CLANG_WARN_UNREACHABLE_CODE = YES;
				CLANG_WARN__DUPLICATE_METHOD_MATCH = YES;
				COPY_PHASE_STRIP = NO;
				DEBUG_INFORMATION_FORMAT = dwarf;
				ENABLE_STRICT_OBJC_MSGSEND = YES;
				ENABLE_TESTABILITY = YES;
				ENABLE_USER_SCRIPT_SANDBOXING = YES;
				GCC_C_LANGUAGE_STANDARD = gnu17;
				GCC_DYNAMIC_NO_PIC = NO;
				GCC_NO_COMMON_BLOCKS = YES;
				GCC_OPTIMIZATION_LEVEL = 0;
				GCC_PREPROCESSOR_DEFINITIONS = (
					"DEBUG=1",
					"$(inherited)",
				);
				GCC_WARN_64_TO_32_BIT_CONVERSION = YES;
				GCC_WARN_ABOUT_RETURN_TYPE = YES_ERROR;
				GCC_WARN_UNDECLARED_SELECTOR = YES;
				GCC_WARN_UNINITIALIZED_AUTOS = YES_AGGRESSIVE;
				GCC_WARN_UNUSED_FUNCTION = YES;
				GCC_WARN_UNUSED_VARIABLE = YES;
				IPHONEOS_DEPLOYMENT_TARGET = 18.4;
				LOCALIZATION_PREFERS_STRING_CATALOGS = YES;
				MTL_ENABLE_DEBUG_INFO = INCLUDE_SOURCE;
				MTL_FAST_MATH = YES;
				ONLY_ACTIVE_ARCH = YES;
				SDKROOT = iphoneos;
			};
			name = Debug;
		};
		4BAD613B2E31DD60004E8E45 /* Release */ = {
			isa = XCBuildConfiguration;
			buildSettings = {
				ALWAYS_SEARCH_USER_PATHS = NO;
				ASSETCATALOG_COMPILER_GENERATE_SWIFT_ASSET_SYMBOL_EXTENSIONS = YES;
				CLANG_ANALYZER_NONNULL = YES;
				CLANG_ANALYZER_NUMBER_OBJECT_CONVERSION = YES_AGGRESSIVE;
				CLANG_CXX_LANGUAGE_STANDARD = "gnu++20";
				CLANG_ENABLE_MODULES = YES;
				CLANG_ENABLE_OBJC_ARC = YES;
				CLANG_ENABLE_OBJC_WEAK = YES;
				CLANG_WARN_BLOCK_CAPTURE_AUTORELEASING = YES;
				CLANG_WARN_BOOL_CONVERSION = YES;
				CLANG_WARN_COMMA = YES;
				CLANG_WARN_CONSTANT_CONVERSION = YES;
				CLANG_WARN_DEPRECATED_OBJC_IMPLEMENTATIONS = YES;
				CLANG_WARN_DIRECT_OBJC_ISA_USAGE = YES_ERROR;
				CLANG_WARN_DOCUMENTATION_COMMENTS = YES;
				CLANG_WARN_EMPTY_BODY = YES;
				CLANG_WARN_ENUM_CONVERSION = YES;
				CLANG_WARN_INFINITE_RECURSION = YES;
				CLANG_WARN_INT_CONVERSION = YES;
				CLANG_WARN_NON_LITERAL_NULL_CONVERSION = YES;
				CLANG_WARN_OBJC_IMPLICIT_RETAIN_SELF = YES;
				CLANG_WARN_OBJC_LITERAL_CONVERSION = YES;
				CLANG_WARN_OBJC_ROOT_CLASS = YES_ERROR;
				CLANG_WARN_QUOTED_INCLUDE_IN_FRAMEWORK_HEADER = YES;
				CLANG_WARN_RANGE_LOOP_ANALYSIS = YES;
				CLANG_WARN_STRICT_PROTOTYPES = YES;
				CLANG_WARN_SUSPICIOUS_MOVE = YES;
				CLANG_WARN_UNGUARDED_AVAILABILITY = YES_AGGRESSIVE;
				CLANG_WARN_UNREACHABLE_CODE = YES;
				CLANG_WARN__DUPLICATE_METHOD_MATCH = YES;
				COPY_PHASE_STRIP = NO;
				DEBUG_INFORMATION_FORMAT = "dwarf-with-dsym";
				ENABLE_NS_ASSERTIONS = NO;
				ENABLE_STRICT_OBJC_MSGSEND = YES;
				ENABLE_USER_SCRIPT_SANDBOXING = YES;
				GCC_C_LANGUAGE_STANDARD = gnu17;
				GCC_NO_COMMON_BLOCKS = YES;
				GCC_WARN_64_TO_32_BIT_CONVERSION = YES;
				GCC_WARN_ABOUT_RETURN_TYPE = YES_ERROR;
				GCC_WARN_UNDECLARED_SELECTOR = YES;
				GCC_WARN_UNINITIALIZED_AUTOS = YES_AGGRESSIVE;
				GCC_WARN_UNUSED_FUNCTION = YES;
				GCC_WARN_UNUSED_VARIABLE = YES;
				IPHONEOS_DEPLOYMENT_TARGET = 18.4;
				LOCALIZATION_PREFERS_STRING_CATALOGS = YES;
				MTL_ENABLE_DEBUG_INFO = NO;
				MTL_FAST_MATH = YES;
				SDKROOT = iphoneos;
				VALIDATE_PRODUCT = YES;
			};
			name = Release;
		};
		4BAD613D2E31DD60004E8E45 /* Debug */ = {
			isa = XCBuildConfiguration;
			buildSettings = {
				BUNDLE_LOADER = "$(TEST_HOST)";
				CODE_SIGN_STYLE = Automatic;
				CURRENT_PROJECT_VERSION = 1;
				GENERATE_INFOPLIST_FILE = YES;
				IPHONEOS_DEPLOYMENT_TARGET = 18.4;
				MARKETING_VERSION = 1.0;
				PRODUCT_BUNDLE_IDENTIFIER = y.xcodegitTests;
				PRODUCT_NAME = "$(TARGET_NAME)";
				SWIFT_EMIT_LOC_STRINGS = NO;
				TARGETED_DEVICE_FAMILY = "1,2";
				TEST_HOST = "$(BUILT_PRODUCTS_DIR)/xcodegit.app/$(BUNDLE_EXECUTABLE_FOLDER_PATH)/xcodegit";
			};
			name = Debug;
		};
		4BAD613E2E31DD60004E8E45 /* Release */ = {
			isa = XCBuildConfiguration;
			buildSettings = {
				BUNDLE_LOADER = "$(TEST_HOST)";
				CODE_SIGN_STYLE = Automatic;
				CURRENT_PROJECT_VERSION = 1;
				GENERATE_INFOPLIST_FILE = YES;
				IPHONEOS_DEPLOYMENT_TARGET = 18.4;
				MARKETING_VERSION = 1.0;
				PRODUCT_BUNDLE_IDENTIFIER = y.xcodegitTests;
				PRODUCT_NAME = "$(TARGET_NAME)";
				SWIFT_EMIT_LOC_STRINGS = NO;
				TARGETED_DEVICE_FAMILY = "1,2";
				TEST_HOST = "$(BUILT_PRODUCTS_DIR)/xcodegit.app/$(BUNDLE_EXECUTABLE_FOLDER_PATH)/xcodegit";
			};
			name = Release;
		};
		4BAD61402E31DD60004E8E45 /* Debug */ = {
			isa = XCBuildConfiguration;
			buildSettings = {
				CODE_SIGN_STYLE = Automatic;
				CURRENT_PROJECT_VERSION = 1;
				GENERATE_INFOPLIST_FILE = YES;
				MARKETING_VERSION = 1.0;
				PRODUCT_BUNDLE_IDENTIFIER = y.xcodegitUITests;
				PRODUCT_NAME = "$(TARGET_NAME)";
				SWIFT_EMIT_LOC_STRINGS = NO;
				TARGETED_DEVICE_FAMILY = "1,2";
				TEST_TARGET_NAME = xcodegit;
			};
			name = Debug;
		};
		4BAD61412E31DD60004E8E45 /* Release */ = {
			isa = XCBuildConfiguration;
			buildSettings = {
				CODE_SIGN_STYLE = Automatic;
				CURRENT_PROJECT_VERSION = 1;
				GENERATE_INFOPLIST_FILE = YES;
				MARKETING_VERSION = 1.0;
				PRODUCT_BUNDLE_IDENTIFIER = y.xcodegitUITests;
				PRODUCT_NAME = "$(TARGET_NAME)";
				SWIFT_EMIT_LOC_STRINGS = NO;
				TARGETED_DEVICE_FAMILY = "1,2";
				TEST_TARGET_NAME = xcodegit;
			};
			name = Release;
		};
/* End XCBuildConfiguration section */

/* Begin XCConfigurationList section */
		4BAD61042E31DD5D004E8E45 /* Build configuration list for PBXProject "xcodegit" */ = {
			isa = XCConfigurationList;
			buildConfigurations = (
				4BAD613A2E31DD60004E8E45 /* Debug */,
				4BAD613B2E31DD60004E8E45 /* Release */,
			);
			defaultConfigurationIsVisible = 0;
			defaultConfigurationName = Release;
		};
		4BAD61372E31DD60004E8E45 /* Build configuration list for PBXNativeTarget "xcodegit" */ = {
			isa = XCConfigurationList;
			buildConfigurations = (
				4BAD61382E31DD60004E8E45 /* Debug */,
				4BAD61392E31DD60004E8E45 /* Release */,
			);
			defaultConfigurationIsVisible = 0;
			defaultConfigurationName = Release;
		};
		4BAD613C2E31DD60004E8E45 /* Build configuration list for PBXNativeTarget "xcodegitTests" */ = {
			isa = XCConfigurationList;
			buildConfigurations = (
				4BAD613D2E31DD60004E8E45 /* Debug */,
				4BAD613E2E31DD60004E8E45 /* Release */,
			);
			defaultConfigurationIsVisible = 0;
			defaultConfigurationName = Release;
		};
		4BAD613F2E31DD60004E8E45 /* Build configuration list for PBXNativeTarget "xcodegitUITests" */ = {
			isa = XCConfigurationList;
			buildConfigurations = (
				4BAD61402E31DD60004E8E45 /* Debug */,
				4BAD61412E31DD60004E8E45 /* Release */,
			);
			defaultConfigurationIsVisible = 0;
			defaultConfigurationName = Release;
		};
/* End XCConfigurationList section */
	};
	rootObject = 4BAD61012E31DD5D004E8E45 /* Project object */;
}
